// !$*UTF8*$!
{
	archiveVersion = 1;
	classes = {
	};
	objectVersion = 46;
	objects = {

/* Begin PBXBuildFile section */
		7D9C6FEDB172427DBE3FF7F3 /* libPods.a in Frameworks */ = {isa = PBXBuildFile; fileRef = 63E501405EB346C38AD44395 /* libPods.a */; };
		930D65B91993818E003A069D /* CoreGraphics.framework in Frameworks */ = {isa = PBXBuildFile; fileRef = 930D65B81993818E003A069D /* CoreGraphics.framework */; };
		930D65BB1993818E003A069D /* UIKit.framework in Frameworks */ = {isa = PBXBuildFile; fileRef = 930D65BA1993818E003A069D /* UIKit.framework */; };
		930D65C11993818E003A069D /* InfoPlist.strings in Resources */ = {isa = PBXBuildFile; fileRef = 930D65BF1993818E003A069D /* InfoPlist.strings */; };
		930D65C31993818E003A069D /* main.m in Sources */ = {isa = PBXBuildFile; fileRef = 930D65C21993818E003A069D /* main.m */; };
		930D65C71993818E003A069D /* AppDelegate.m in Sources */ = {isa = PBXBuildFile; fileRef = 930D65C61993818E003A069D /* AppDelegate.m */; };
		930D65CA1993818E003A069D /* Main_iPhone.storyboard in Resources */ = {isa = PBXBuildFile; fileRef = 930D65C81993818E003A069D /* Main_iPhone.storyboard */; };
		930D65CD1993818E003A069D /* Main_iPad.storyboard in Resources */ = {isa = PBXBuildFile; fileRef = 930D65CB1993818E003A069D /* Main_iPad.storyboard */; };
		930D65D01993818E003A069D /* ViewController.m in Sources */ = {isa = PBXBuildFile; fileRef = 930D65CF1993818E003A069D /* ViewController.m */; };
		930D65D21993818E003A069D /* Images.xcassets in Resources */ = {isa = PBXBuildFile; fileRef = 930D65D11993818E003A069D /* Images.xcassets */; };
		930D65D91993818E003A069D /* XCTest.framework in Frameworks */ = {isa = PBXBuildFile; fileRef = 930D65D81993818E003A069D /* XCTest.framework */; };
		930D65DB1993818E003A069D /* UIKit.framework in Frameworks */ = {isa = PBXBuildFile; fileRef = 930D65BA1993818E003A069D /* UIKit.framework */; };
		930D65E31993818E003A069D /* InfoPlist.strings in Resources */ = {isa = PBXBuildFile; fileRef = 930D65E11993818E003A069D /* InfoPlist.strings */; };
		930D65E51993818E003A069D /* zaimeTests.m in Sources */ = {isa = PBXBuildFile; fileRef = 930D65E41993818E003A069D /* zaimeTests.m */; };
		93229FF2199B119800C75A77 /* DownloadEmotion.m in Sources */ = {isa = PBXBuildFile; fileRef = 93229FF1199B119800C75A77 /* DownloadEmotion.m */; };
		93229FF5199B508E00C75A77 /* PhotoStackView.m in Sources */ = {isa = PBXBuildFile; fileRef = 93229FF4199B508E00C75A77 /* PhotoStackView.m */; };
		93229FFC199B544E00C75A77 /* photo1.jpg in Resources */ = {isa = PBXBuildFile; fileRef = 93229FF6199B544E00C75A77 /* photo1.jpg */; };
		93229FFD199B544E00C75A77 /* photo2.jpg in Resources */ = {isa = PBXBuildFile; fileRef = 93229FF7199B544E00C75A77 /* photo2.jpg */; };
		93229FFE199B544E00C75A77 /* photo3.jpg in Resources */ = {isa = PBXBuildFile; fileRef = 93229FF8199B544E00C75A77 /* photo3.jpg */; };
		93229FFF199B544E00C75A77 /* photo4.jpg in Resources */ = {isa = PBXBuildFile; fileRef = 93229FF9199B544E00C75A77 /* photo4.jpg */; };
		9322A000199B544E00C75A77 /* photo5.jpg in Resources */ = {isa = PBXBuildFile; fileRef = 93229FFA199B544E00C75A77 /* photo5.jpg */; };
		932BBDB21994670700C46EB5 /* XMPPClient.m in Sources */ = {isa = PBXBuildFile; fileRef = 932BBDB11994670700C46EB5 /* XMPPClient.m */; };
		932BBDB71994687A00C46EB5 /* BaseMesage.m in Sources */ = {isa = PBXBuildFile; fileRef = 932BBDB61994687A00C46EB5 /* BaseMesage.m */; };
		93331B9619988CFC008AD730 /* PushConfig.plist in Resources */ = {isa = PBXBuildFile; fileRef = 93331B9519988CFC008AD730 /* PushConfig.plist */; };
		9334FB02199C5BF700A4BC4C /* KLDDatabase.m in Sources */ = {isa = PBXBuildFile; fileRef = 9334FB01199C5BF700A4BC4C /* KLDDatabase.m */; };
		9334FB05199C610100A4BC4C /* Common.m in Sources */ = {isa = PBXBuildFile; fileRef = 9334FB04199C610100A4BC4C /* Common.m */; };
		9334FB08199C882800A4BC4C /* KeyChainHelper.m in Sources */ = {isa = PBXBuildFile; fileRef = 9334FB07199C882800A4BC4C /* KeyChainHelper.m */; };
		93396A5C199897A300F4E723 /* CFNetwork.framework in Frameworks */ = {isa = PBXBuildFile; fileRef = 93396A5B199897A300F4E723 /* CFNetwork.framework */; };
		93396A5E199897A900F4E723 /* CoreFoundation.framework in Frameworks */ = {isa = PBXBuildFile; fileRef = 93396A5D199897A900F4E723 /* CoreFoundation.framework */; };
		93396A60199897AF00F4E723 /* CoreTelephony.framework in Frameworks */ = {isa = PBXBuildFile; fileRef = 93396A5F199897AF00F4E723 /* CoreTelephony.framework */; };
		93396A62199897B600F4E723 /* SystemConfiguration.framework in Frameworks */ = {isa = PBXBuildFile; fileRef = 93396A61199897B600F4E723 /* SystemConfiguration.framework */; };
		93396A64199897BB00F4E723 /* Security.framework in Frameworks */ = {isa = PBXBuildFile; fileRef = 93396A63199897BB00F4E723 /* Security.framework */; };
		93396A66199897C100F4E723 /* libz.dylib in Frameworks */ = {isa = PBXBuildFile; fileRef = 93396A65199897C100F4E723 /* libz.dylib */; };
		9341AB14199A085F0055076D /* loading.gif in Resources */ = {isa = PBXBuildFile; fileRef = 9341AB13199A085F0055076D /* loading.gif */; };
		9341AB17199A17A90055076D /* KLDAFImageCache.m in Sources */ = {isa = PBXBuildFile; fileRef = 9341AB16199A17A90055076D /* KLDAFImageCache.m */; };
		934E963819A300A400E800BB /* Foundation.framework in Frameworks */ = {isa = PBXBuildFile; fileRef = 934E963719A300A400E800BB /* Foundation.framework */; };
		935E53BA1994BB4A009420B1 /* AVFoundation.framework in Frameworks */ = {isa = PBXBuildFile; fileRef = 935E53B91994BB4A009420B1 /* AVFoundation.framework */; };
		9370CFB419986B7B007B5B8D /* fingerprint.png in Resources */ = {isa = PBXBuildFile; fileRef = 9370CFB319986B7B007B5B8D /* fingerprint.png */; };
		93BBF2621998A6E7005BD823 /* libPushSDK.a in Frameworks */ = {isa = PBXBuildFile; fileRef = 93BBF2611998A6E7005BD823 /* libPushSDK.a */; };
		93BBF2651998B6D5005BD823 /* AFAppDotNetAPIClient.m in Sources */ = {isa = PBXBuildFile; fileRef = 93BBF2641998B6D5005BD823 /* AFAppDotNetAPIClient.m */; };
		93C7F50019A355FF002DE9CC /* KSDCanvas.m in Sources */ = {isa = PBXBuildFile; fileRef = 93C7F4FF19A355FE002DE9CC /* KSDCanvas.m */; };
		93FB5C561998C1FC00B90FB6 /* NotificationCompent.m in Sources */ = {isa = PBXBuildFile; fileRef = 93FB5C551998C1FC00B90FB6 /* NotificationCompent.m */; };
		93FB5C591998C26100B90FB6 /* ContactListController.m in Sources */ = {isa = PBXBuildFile; fileRef = 93FB5C581998C26100B90FB6 /* ContactListController.m */; };
		93FB5C601998C58200B90FB6 /* pinyin.c in Sources */ = {isa = PBXBuildFile; fileRef = 93FB5C5E1998C58200B90FB6 /* pinyin.c */; };
		93FB5C6B1998C5C800B90FB6 /* APAddressBook.m in Sources */ = {isa = PBXBuildFile; fileRef = 93FB5C631998C5C800B90FB6 /* APAddressBook.m */; };
		93FB5C6C1998C5C800B90FB6 /* APContact.m in Sources */ = {isa = PBXBuildFile; fileRef = 93FB5C651998C5C800B90FB6 /* APContact.m */; };
		93FB5C6D1998C5C800B90FB6 /* APPhoneWithLabel.m in Sources */ = {isa = PBXBuildFile; fileRef = 93FB5C671998C5C800B90FB6 /* APPhoneWithLabel.m */; };
		93FB5C6E1998C5C800B90FB6 /* KLDAddress.m in Sources */ = {isa = PBXBuildFile; fileRef = 93FB5C6A1998C5C800B90FB6 /* KLDAddress.m */; };
		93FB5C701998C83200B90FB6 /* MessageUI.framework in Frameworks */ = {isa = PBXBuildFile; fileRef = 93FB5C6F1998C83200B90FB6 /* MessageUI.framework */; };
/* End PBXBuildFile section */

/* Begin PBXContainerItemProxy section */
		930D65DC1993818E003A069D /* PBXContainerItemProxy */ = {
			isa = PBXContainerItemProxy;
			containerPortal = 930D65AB1993818E003A069D /* Project object */;
			proxyType = 1;
			remoteGlobalIDString = 930D65B21993818E003A069D;
			remoteInfo = zaime;
		};
/* End PBXContainerItemProxy section */

/* Begin PBXFileReference section */
		195BBE57FE6648DD8D93F09C /* Pods.xcconfig */ = {isa = PBXFileReference; includeInIndex = 1; lastKnownFileType = text.xcconfig; name = Pods.xcconfig; path = Pods/Pods.xcconfig; sourceTree = "<group>"; };
		63E501405EB346C38AD44395 /* libPods.a */ = {isa = PBXFileReference; explicitFileType = archive.ar; includeInIndex = 0; path = libPods.a; sourceTree = BUILT_PRODUCTS_DIR; };
		930D65B31993818E003A069D /* zaime.app */ = {isa = PBXFileReference; explicitFileType = wrapper.application; includeInIndex = 0; path = zaime.app; sourceTree = BUILT_PRODUCTS_DIR; };
		930D65B81993818E003A069D /* CoreGraphics.framework */ = {isa = PBXFileReference; lastKnownFileType = wrapper.framework; name = CoreGraphics.framework; path = System/Library/Frameworks/CoreGraphics.framework; sourceTree = SDKROOT; };
		930D65BA1993818E003A069D /* UIKit.framework */ = {isa = PBXFileReference; lastKnownFileType = wrapper.framework; name = UIKit.framework; path = System/Library/Frameworks/UIKit.framework; sourceTree = SDKROOT; };
		930D65BE1993818E003A069D /* zaime-Info.plist */ = {isa = PBXFileReference; lastKnownFileType = text.plist.xml; path = "zaime-Info.plist"; sourceTree = "<group>"; };
		930D65C01993818E003A069D /* en */ = {isa = PBXFileReference; lastKnownFileType = text.plist.strings; name = en; path = en.lproj/InfoPlist.strings; sourceTree = "<group>"; };
		930D65C21993818E003A069D /* main.m */ = {isa = PBXFileReference; lastKnownFileType = sourcecode.c.objc; path = main.m; sourceTree = "<group>"; };
		930D65C41993818E003A069D /* zaime-Prefix.pch */ = {isa = PBXFileReference; lastKnownFileType = sourcecode.c.h; path = "zaime-Prefix.pch"; sourceTree = "<group>"; };
		930D65C51993818E003A069D /* AppDelegate.h */ = {isa = PBXFileReference; lastKnownFileType = sourcecode.c.h; path = AppDelegate.h; sourceTree = "<group>"; };
		930D65C61993818E003A069D /* AppDelegate.m */ = {isa = PBXFileReference; lastKnownFileType = sourcecode.c.objc; path = AppDelegate.m; sourceTree = "<group>"; };
		930D65C91993818E003A069D /* Base */ = {isa = PBXFileReference; lastKnownFileType = file.storyboard; name = Base; path = Base.lproj/Main_iPhone.storyboard; sourceTree = "<group>"; };
		930D65CC1993818E003A069D /* Base */ = {isa = PBXFileReference; lastKnownFileType = file.storyboard; name = Base; path = Base.lproj/Main_iPad.storyboard; sourceTree = "<group>"; };
		930D65CE1993818E003A069D /* ViewController.h */ = {isa = PBXFileReference; lastKnownFileType = sourcecode.c.h; path = ViewController.h; sourceTree = "<group>"; };
		930D65CF1993818E003A069D /* ViewController.m */ = {isa = PBXFileReference; lastKnownFileType = sourcecode.c.objc; path = ViewController.m; sourceTree = "<group>"; };
		930D65D11993818E003A069D /* Images.xcassets */ = {isa = PBXFileReference; lastKnownFileType = folder.assetcatalog; path = Images.xcassets; sourceTree = "<group>"; };
		930D65D71993818E003A069D /* zaimeTests.xctest */ = {isa = PBXFileReference; explicitFileType = wrapper.cfbundle; includeInIndex = 0; path = zaimeTests.xctest; sourceTree = BUILT_PRODUCTS_DIR; };
		930D65D81993818E003A069D /* XCTest.framework */ = {isa = PBXFileReference; lastKnownFileType = wrapper.framework; name = XCTest.framework; path = Library/Frameworks/XCTest.framework; sourceTree = DEVELOPER_DIR; };
		930D65E01993818E003A069D /* zaimeTests-Info.plist */ = {isa = PBXFileReference; lastKnownFileType = text.plist.xml; path = "zaimeTests-Info.plist"; sourceTree = "<group>"; };
		930D65E21993818E003A069D /* en */ = {isa = PBXFileReference; lastKnownFileType = text.plist.strings; name = en; path = en.lproj/InfoPlist.strings; sourceTree = "<group>"; };
		930D65E41993818E003A069D /* zaimeTests.m */ = {isa = PBXFileReference; lastKnownFileType = sourcecode.c.objc; path = zaimeTests.m; sourceTree = "<group>"; };
		93229FF0199B119800C75A77 /* DownloadEmotion.h */ = {isa = PBXFileReference; fileEncoding = 4; lastKnownFileType = sourcecode.c.h; path = DownloadEmotion.h; sourceTree = "<group>"; };
		93229FF1199B119800C75A77 /* DownloadEmotion.m */ = {isa = PBXFileReference; fileEncoding = 4; lastKnownFileType = sourcecode.c.objc; path = DownloadEmotion.m; sourceTree = "<group>"; };
		93229FF3199B508E00C75A77 /* PhotoStackView.h */ = {isa = PBXFileReference; fileEncoding = 4; lastKnownFileType = sourcecode.c.h; path = PhotoStackView.h; sourceTree = "<group>"; };
		93229FF4199B508E00C75A77 /* PhotoStackView.m */ = {isa = PBXFileReference; fileEncoding = 4; lastKnownFileType = sourcecode.c.objc; path = PhotoStackView.m; sourceTree = "<group>"; };
		93229FF6199B544E00C75A77 /* photo1.jpg */ = {isa = PBXFileReference; lastKnownFileType = image.jpeg; path = photo1.jpg; sourceTree = "<group>"; };
		93229FF7199B544E00C75A77 /* photo2.jpg */ = {isa = PBXFileReference; lastKnownFileType = image.jpeg; path = photo2.jpg; sourceTree = "<group>"; };
		93229FF8199B544E00C75A77 /* photo3.jpg */ = {isa = PBXFileReference; lastKnownFileType = image.jpeg; path = photo3.jpg; sourceTree = "<group>"; };
		93229FF9199B544E00C75A77 /* photo4.jpg */ = {isa = PBXFileReference; lastKnownFileType = image.jpeg; path = photo4.jpg; sourceTree = "<group>"; };
		93229FFA199B544E00C75A77 /* photo5.jpg */ = {isa = PBXFileReference; lastKnownFileType = image.jpeg; path = photo5.jpg; sourceTree = "<group>"; };
		932BBDAE199466B100C46EB5 /* SharedInstanceGCD.h */ = {isa = PBXFileReference; lastKnownFileType = sourcecode.c.h; path = SharedInstanceGCD.h; sourceTree = "<group>"; };
		932BBDB01994670700C46EB5 /* XMPPClient.h */ = {isa = PBXFileReference; fileEncoding = 4; lastKnownFileType = sourcecode.c.h; path = XMPPClient.h; sourceTree = "<group>"; };
		932BBDB11994670700C46EB5 /* XMPPClient.m */ = {isa = PBXFileReference; fileEncoding = 4; lastKnownFileType = sourcecode.c.objc; path = XMPPClient.m; sourceTree = "<group>"; };
		932BBDB51994687A00C46EB5 /* BaseMesage.h */ = {isa = PBXFileReference; fileEncoding = 4; lastKnownFileType = sourcecode.c.h; path = BaseMesage.h; sourceTree = "<group>"; };
		932BBDB61994687A00C46EB5 /* BaseMesage.m */ = {isa = PBXFileReference; fileEncoding = 4; lastKnownFileType = sourcecode.c.objc; path = BaseMesage.m; sourceTree = "<group>"; };
		932BBDB819946D3600C46EB5 /* config.h */ = {isa = PBXFileReference; lastKnownFileType = sourcecode.c.h; path = config.h; sourceTree = "<group>"; };
		93331B9519988CFC008AD730 /* PushConfig.plist */ = {isa = PBXFileReference; fileEncoding = 4; lastKnownFileType = text.plist.xml; path = PushConfig.plist; sourceTree = "<group>"; };
		9334FB00199C5BF700A4BC4C /* KLDDatabase.h */ = {isa = PBXFileReference; fileEncoding = 4; lastKnownFileType = sourcecode.c.h; path = KLDDatabase.h; sourceTree = "<group>"; };
		9334FB01199C5BF700A4BC4C /* KLDDatabase.m */ = {isa = PBXFileReference; fileEncoding = 4; lastKnownFileType = sourcecode.c.objc; path = KLDDatabase.m; sourceTree = "<group>"; };
		9334FB03199C610100A4BC4C /* Common.h */ = {isa = PBXFileReference; fileEncoding = 4; lastKnownFileType = sourcecode.c.h; path = Common.h; sourceTree = "<group>"; };
		9334FB04199C610100A4BC4C /* Common.m */ = {isa = PBXFileReference; fileEncoding = 4; lastKnownFileType = sourcecode.c.objc; path = Common.m; sourceTree = "<group>"; };
		9334FB06199C882800A4BC4C /* KeyChainHelper.h */ = {isa = PBXFileReference; fileEncoding = 4; lastKnownFileType = sourcecode.c.h; path = KeyChainHelper.h; sourceTree = "<group>"; };
		9334FB07199C882800A4BC4C /* KeyChainHelper.m */ = {isa = PBXFileReference; fileEncoding = 4; lastKnownFileType = sourcecode.c.objc; path = KeyChainHelper.m; sourceTree = "<group>"; };
		93396A5B199897A300F4E723 /* CFNetwork.framework */ = {isa = PBXFileReference; lastKnownFileType = wrapper.framework; name = CFNetwork.framework; path = System/Library/Frameworks/CFNetwork.framework; sourceTree = SDKROOT; };
		93396A5D199897A900F4E723 /* CoreFoundation.framework */ = {isa = PBXFileReference; lastKnownFileType = wrapper.framework; name = CoreFoundation.framework; path = System/Library/Frameworks/CoreFoundation.framework; sourceTree = SDKROOT; };
		93396A5F199897AF00F4E723 /* CoreTelephony.framework */ = {isa = PBXFileReference; lastKnownFileType = wrapper.framework; name = CoreTelephony.framework; path = System/Library/Frameworks/CoreTelephony.framework; sourceTree = SDKROOT; };
		93396A61199897B600F4E723 /* SystemConfiguration.framework */ = {isa = PBXFileReference; lastKnownFileType = wrapper.framework; name = SystemConfiguration.framework; path = System/Library/Frameworks/SystemConfiguration.framework; sourceTree = SDKROOT; };
		93396A63199897BB00F4E723 /* Security.framework */ = {isa = PBXFileReference; lastKnownFileType = wrapper.framework; name = Security.framework; path = System/Library/Frameworks/Security.framework; sourceTree = SDKROOT; };
		93396A65199897C100F4E723 /* libz.dylib */ = {isa = PBXFileReference; lastKnownFileType = "compiled.mach-o.dylib"; name = libz.dylib; path = usr/lib/libz.dylib; sourceTree = SDKROOT; };
		9341AB13199A085F0055076D /* loading.gif */ = {isa = PBXFileReference; lastKnownFileType = image.gif; path = loading.gif; sourceTree = "<group>"; };
		9341AB15199A17A90055076D /* KLDAFImageCache.h */ = {isa = PBXFileReference; fileEncoding = 4; lastKnownFileType = sourcecode.c.h; path = KLDAFImageCache.h; sourceTree = "<group>"; };
		9341AB16199A17A90055076D /* KLDAFImageCache.m */ = {isa = PBXFileReference; fileEncoding = 4; lastKnownFileType = sourcecode.c.objc; path = KLDAFImageCache.m; sourceTree = "<group>"; };
		934E963719A300A400E800BB /* Foundation.framework */ = {isa = PBXFileReference; lastKnownFileType = wrapper.framework; name = Foundation.framework; path = System/Library/Frameworks/Foundation.framework; sourceTree = SDKROOT; };
		935E53B91994BB4A009420B1 /* AVFoundation.framework */ = {isa = PBXFileReference; lastKnownFileType = wrapper.framework; name = AVFoundation.framework; path = System/Library/Frameworks/AVFoundation.framework; sourceTree = SDKROOT; };
		9370CFB319986B7B007B5B8D /* fingerprint.png */ = {isa = PBXFileReference; lastKnownFileType = image.png; path = fingerprint.png; sourceTree = "<group>"; };
		93BBF2601998A6E7005BD823 /* APService.h */ = {isa = PBXFileReference; fileEncoding = 4; lastKnownFileType = sourcecode.c.h; path = APService.h; sourceTree = "<group>"; };
		93BBF2611998A6E7005BD823 /* libPushSDK.a */ = {isa = PBXFileReference; lastKnownFileType = archive.ar; path = libPushSDK.a; sourceTree = "<group>"; };
		93BBF2631998B6D5005BD823 /* AFAppDotNetAPIClient.h */ = {isa = PBXFileReference; fileEncoding = 4; lastKnownFileType = sourcecode.c.h; path = AFAppDotNetAPIClient.h; sourceTree = "<group>"; };
		93BBF2641998B6D5005BD823 /* AFAppDotNetAPIClient.m */ = {isa = PBXFileReference; fileEncoding = 4; lastKnownFileType = sourcecode.c.objc; path = AFAppDotNetAPIClient.m; sourceTree = "<group>"; };
		93C7F4FE19A355FE002DE9CC /* KSDCanvas.h */ = {isa = PBXFileReference; fileEncoding = 4; lastKnownFileType = sourcecode.c.h; path = KSDCanvas.h; sourceTree = "<group>"; };
		93C7F4FF19A355FE002DE9CC /* KSDCanvas.m */ = {isa = PBXFileReference; fileEncoding = 4; lastKnownFileType = sourcecode.c.objc; path = KSDCanvas.m; sourceTree = "<group>"; };
		93FB5C541998C1FC00B90FB6 /* NotificationCompent.h */ = {isa = PBXFileReference; fileEncoding = 4; lastKnownFileType = sourcecode.c.h; path = NotificationCompent.h; sourceTree = "<group>"; };
		93FB5C551998C1FC00B90FB6 /* NotificationCompent.m */ = {isa = PBXFileReference; fileEncoding = 4; lastKnownFileType = sourcecode.c.objc; path = NotificationCompent.m; sourceTree = "<group>"; };
		93FB5C571998C26100B90FB6 /* ContactListController.h */ = {isa = PBXFileReference; fileEncoding = 4; lastKnownFileType = sourcecode.c.h; path = ContactListController.h; sourceTree = "<group>"; };
		93FB5C581998C26100B90FB6 /* ContactListController.m */ = {isa = PBXFileReference; fileEncoding = 4; lastKnownFileType = sourcecode.c.objc; path = ContactListController.m; sourceTree = "<group>"; };
		93FB5C5E1998C58200B90FB6 /* pinyin.c */ = {isa = PBXFileReference; fileEncoding = 4; lastKnownFileType = sourcecode.c.c; path = pinyin.c; sourceTree = "<group>"; };
		93FB5C5F1998C58200B90FB6 /* pinyin.h */ = {isa = PBXFileReference; fileEncoding = 4; lastKnownFileType = sourcecode.c.h; path = pinyin.h; sourceTree = "<group>"; };
		93FB5C621998C5C800B90FB6 /* APAddressBook.h */ = {isa = PBXFileReference; fileEncoding = 4; lastKnownFileType = sourcecode.c.h; path = APAddressBook.h; sourceTree = "<group>"; };
		93FB5C631998C5C800B90FB6 /* APAddressBook.m */ = {isa = PBXFileReference; fileEncoding = 4; lastKnownFileType = sourcecode.c.objc; path = APAddressBook.m; sourceTree = "<group>"; };
		93FB5C641998C5C800B90FB6 /* APContact.h */ = {isa = PBXFileReference; fileEncoding = 4; lastKnownFileType = sourcecode.c.h; path = APContact.h; sourceTree = "<group>"; };
		93FB5C651998C5C800B90FB6 /* APContact.m */ = {isa = PBXFileReference; fileEncoding = 4; lastKnownFileType = sourcecode.c.objc; path = APContact.m; sourceTree = "<group>"; };
		93FB5C661998C5C800B90FB6 /* APPhoneWithLabel.h */ = {isa = PBXFileReference; fileEncoding = 4; lastKnownFileType = sourcecode.c.h; path = APPhoneWithLabel.h; sourceTree = "<group>"; };
		93FB5C671998C5C800B90FB6 /* APPhoneWithLabel.m */ = {isa = PBXFileReference; fileEncoding = 4; lastKnownFileType = sourcecode.c.objc; path = APPhoneWithLabel.m; sourceTree = "<group>"; };
		93FB5C681998C5C800B90FB6 /* APTypes.h */ = {isa = PBXFileReference; fileEncoding = 4; lastKnownFileType = sourcecode.c.h; path = APTypes.h; sourceTree = "<group>"; };
		93FB5C691998C5C800B90FB6 /* KLDAddress.h */ = {isa = PBXFileReference; fileEncoding = 4; lastKnownFileType = sourcecode.c.h; path = KLDAddress.h; sourceTree = "<group>"; };
		93FB5C6A1998C5C800B90FB6 /* KLDAddress.m */ = {isa = PBXFileReference; fileEncoding = 4; lastKnownFileType = sourcecode.c.objc; path = KLDAddress.m; sourceTree = "<group>"; };
		93FB5C6F1998C83200B90FB6 /* MessageUI.framework */ = {isa = PBXFileReference; lastKnownFileType = wrapper.framework; name = MessageUI.framework; path = System/Library/Frameworks/MessageUI.framework; sourceTree = SDKROOT; };
/* End PBXFileReference section */

/* Begin PBXFrameworksBuildPhase section */
		930D65B01993818E003A069D /* Frameworks */ = {
			isa = PBXFrameworksBuildPhase;
			buildActionMask = 2147483647;
			files = (
				934E963819A300A400E800BB /* Foundation.framework in Frameworks */,
				93FB5C701998C83200B90FB6 /* MessageUI.framework in Frameworks */,
				93396A66199897C100F4E723 /* libz.dylib in Frameworks */,
				93396A64199897BB00F4E723 /* Security.framework in Frameworks */,
				93396A62199897B600F4E723 /* SystemConfiguration.framework in Frameworks */,
				93396A60199897AF00F4E723 /* CoreTelephony.framework in Frameworks */,
				93BBF2621998A6E7005BD823 /* libPushSDK.a in Frameworks */,
				93396A5E199897A900F4E723 /* CoreFoundation.framework in Frameworks */,
				93396A5C199897A300F4E723 /* CFNetwork.framework in Frameworks */,
				935E53BA1994BB4A009420B1 /* AVFoundation.framework in Frameworks */,
				930D65B91993818E003A069D /* CoreGraphics.framework in Frameworks */,
				930D65BB1993818E003A069D /* UIKit.framework in Frameworks */,
				7D9C6FEDB172427DBE3FF7F3 /* libPods.a in Frameworks */,
			);
			runOnlyForDeploymentPostprocessing = 0;
		};
		930D65D41993818E003A069D /* Frameworks */ = {
			isa = PBXFrameworksBuildPhase;
			buildActionMask = 2147483647;
			files = (
				930D65D91993818E003A069D /* XCTest.framework in Frameworks */,
				930D65DB1993818E003A069D /* UIKit.framework in Frameworks */,
			);
			runOnlyForDeploymentPostprocessing = 0;
		};
/* End PBXFrameworksBuildPhase section */

/* Begin PBXGroup section */
		930D65AA1993818E003A069D = {
			isa = PBXGroup;
			children = (
				930D65BC1993818E003A069D /* zaime */,
				930D65DE1993818E003A069D /* zaimeTests */,
				930D65B51993818E003A069D /* Frameworks */,
				930D65B41993818E003A069D /* Products */,
				195BBE57FE6648DD8D93F09C /* Pods.xcconfig */,
			);
			sourceTree = "<group>";
		};
		930D65B41993818E003A069D /* Products */ = {
			isa = PBXGroup;
			children = (
				930D65B31993818E003A069D /* zaime.app */,
				930D65D71993818E003A069D /* zaimeTests.xctest */,
			);
			name = Products;
			sourceTree = "<group>";
		};
		930D65B51993818E003A069D /* Frameworks */ = {
			isa = PBXGroup;
			children = (
				934E963719A300A400E800BB /* Foundation.framework */,
				93FB5C6F1998C83200B90FB6 /* MessageUI.framework */,
				93396A65199897C100F4E723 /* libz.dylib */,
				93396A63199897BB00F4E723 /* Security.framework */,
				93396A61199897B600F4E723 /* SystemConfiguration.framework */,
				93396A5F199897AF00F4E723 /* CoreTelephony.framework */,
				93396A5D199897A900F4E723 /* CoreFoundation.framework */,
				93396A5B199897A300F4E723 /* CFNetwork.framework */,
				935E53B91994BB4A009420B1 /* AVFoundation.framework */,
				930D65B81993818E003A069D /* CoreGraphics.framework */,
				930D65BA1993818E003A069D /* UIKit.framework */,
				930D65D81993818E003A069D /* XCTest.framework */,
				63E501405EB346C38AD44395 /* libPods.a */,
			);
			name = Frameworks;
			sourceTree = "<group>";
		};
		930D65BC1993818E003A069D /* zaime */ = {
			isa = PBXGroup;
			children = (
				93FB5C531998C1FC00B90FB6 /* compent */,
				93BBF25F1998A6E7005BD823 /* lib */,
				9370CFB219986B73007B5B8D /* images */,
				932BBDB31994686C00C46EB5 /* controllers */,
				932BBDB41994686C00C46EB5 /* models */,
				932BBDAF199466F100C46EB5 /* sharedInstance */,
				932BBDAD1994667A00C46EB5 /* helper */,
				930D65C51993818E003A069D /* AppDelegate.h */,
				930D65C61993818E003A069D /* AppDelegate.m */,
				930D65C81993818E003A069D /* Main_iPhone.storyboard */,
				930D65CB1993818E003A069D /* Main_iPad.storyboard */,
				930D65CE1993818E003A069D /* ViewController.h */,
				930D65CF1993818E003A069D /* ViewController.m */,
				930D65D11993818E003A069D /* Images.xcassets */,
				930D65BD1993818E003A069D /* Supporting Files */,
			);
			path = zaime;
			sourceTree = "<group>";
		};
		930D65BD1993818E003A069D /* Supporting Files */ = {
			isa = PBXGroup;
			children = (
				930D65BE1993818E003A069D /* zaime-Info.plist */,
				930D65BF1993818E003A069D /* InfoPlist.strings */,
				930D65C21993818E003A069D /* main.m */,
				930D65C41993818E003A069D /* zaime-Prefix.pch */,
				932BBDB819946D3600C46EB5 /* config.h */,
				93331B9519988CFC008AD730 /* PushConfig.plist */,
			);
			name = "Supporting Files";
			sourceTree = "<group>";
		};
		930D65DE1993818E003A069D /* zaimeTests */ = {
			isa = PBXGroup;
			children = (
				930D65E41993818E003A069D /* zaimeTests.m */,
				930D65DF1993818E003A069D /* Supporting Files */,
			);
			path = zaimeTests;
			sourceTree = "<group>";
		};
		930D65DF1993818E003A069D /* Supporting Files */ = {
			isa = PBXGroup;
			children = (
				930D65E01993818E003A069D /* zaimeTests-Info.plist */,
				930D65E11993818E003A069D /* InfoPlist.strings */,
			);
			name = "Supporting Files";
			sourceTree = "<group>";
		};
		932BBDAD1994667A00C46EB5 /* helper */ = {
			isa = PBXGroup;
			children = (
				932BBDAE199466B100C46EB5 /* SharedInstanceGCD.h */,
			);
			path = helper;
			sourceTree = "<group>";
		};
		932BBDAF199466F100C46EB5 /* sharedInstance */ = {
			isa = PBXGroup;
			children = (
				9334FB06199C882800A4BC4C /* KeyChainHelper.h */,
				9334FB07199C882800A4BC4C /* KeyChainHelper.m */,
				93BBF2631998B6D5005BD823 /* AFAppDotNetAPIClient.h */,
				93BBF2641998B6D5005BD823 /* AFAppDotNetAPIClient.m */,
				932BBDB01994670700C46EB5 /* XMPPClient.h */,
				932BBDB11994670700C46EB5 /* XMPPClient.m */,
				93229FF0199B119800C75A77 /* DownloadEmotion.h */,
				93229FF1199B119800C75A77 /* DownloadEmotion.m */,
				9334FB00199C5BF700A4BC4C /* KLDDatabase.h */,
				9334FB01199C5BF700A4BC4C /* KLDDatabase.m */,
				9334FB03199C610100A4BC4C /* Common.h */,
				9334FB04199C610100A4BC4C /* Common.m */,
			);
			path = sharedInstance;
			sourceTree = "<group>";
		};
		932BBDB31994686C00C46EB5 /* controllers */ = {
			isa = PBXGroup;
			children = (
				93FB5C571998C26100B90FB6 /* ContactListController.h */,
				93FB5C581998C26100B90FB6 /* ContactListController.m */,
			);
			path = controllers;
			sourceTree = "<group>";
		};
		932BBDB41994686C00C46EB5 /* models */ = {
			isa = PBXGroup;
			children = (
				932BBDB51994687A00C46EB5 /* BaseMesage.h */,
				932BBDB61994687A00C46EB5 /* BaseMesage.m */,
			);
			path = models;
			sourceTree = "<group>";
		};
		9370CFB219986B73007B5B8D /* images */ = {
			isa = PBXGroup;
			children = (
				93229FF6199B544E00C75A77 /* photo1.jpg */,
				93229FF7199B544E00C75A77 /* photo2.jpg */,
				93229FF8199B544E00C75A77 /* photo3.jpg */,
				93229FF9199B544E00C75A77 /* photo4.jpg */,
				93229FFA199B544E00C75A77 /* photo5.jpg */,
				9341AB13199A085F0055076D /* loading.gif */,
				9370CFB319986B7B007B5B8D /* fingerprint.png */,
			);
			path = images;
			sourceTree = "<group>";
		};
		93BBF25F1998A6E7005BD823 /* lib */ = {
			isa = PBXGroup;
			children = (
				93FB5C611998C5A100B90FB6 /* addressbook */,
				93FB5C5D1998C57500B90FB6 /* pinyin */,
				93BBF2601998A6E7005BD823 /* APService.h */,
				93BBF2611998A6E7005BD823 /* libPushSDK.a */,
			);
			path = lib;
			sourceTree = "<group>";
		};
		93FB5C531998C1FC00B90FB6 /* compent */ = {
			isa = PBXGroup;
			children = (
				93229FF3199B508E00C75A77 /* PhotoStackView.h */,
				93229FF4199B508E00C75A77 /* PhotoStackView.m */,
				93FB5C541998C1FC00B90FB6 /* NotificationCompent.h */,
				93FB5C551998C1FC00B90FB6 /* NotificationCompent.m */,
				9341AB15199A17A90055076D /* KLDAFImageCache.h */,
				9341AB16199A17A90055076D /* KLDAFImageCache.m */,
				93C7F4FE19A355FE002DE9CC /* KSDCanvas.h */,
				93C7F4FF19A355FE002DE9CC /* KSDCanvas.m */,
			);
			path = compent;
			sourceTree = "<group>";
		};
		93FB5C5D1998C57500B90FB6 /* pinyin */ = {
			isa = PBXGroup;
			children = (
				93FB5C5E1998C58200B90FB6 /* pinyin.c */,
				93FB5C5F1998C58200B90FB6 /* pinyin.h */,
			);
			path = pinyin;
			sourceTree = "<group>";
		};
		93FB5C611998C5A100B90FB6 /* addressbook */ = {
			isa = PBXGroup;
			children = (
				93FB5C621998C5C800B90FB6 /* APAddressBook.h */,
				93FB5C631998C5C800B90FB6 /* APAddressBook.m */,
				93FB5C641998C5C800B90FB6 /* APContact.h */,
				93FB5C651998C5C800B90FB6 /* APContact.m */,
				93FB5C661998C5C800B90FB6 /* APPhoneWithLabel.h */,
				93FB5C671998C5C800B90FB6 /* APPhoneWithLabel.m */,
				93FB5C681998C5C800B90FB6 /* APTypes.h */,
				93FB5C691998C5C800B90FB6 /* KLDAddress.h */,
				93FB5C6A1998C5C800B90FB6 /* KLDAddress.m */,
			);
			path = addressbook;
			sourceTree = "<group>";
		};
/* End PBXGroup section */

/* Begin PBXNativeTarget section */
		930D65B21993818E003A069D /* zaime */ = {
			isa = PBXNativeTarget;
			buildConfigurationList = 930D65E81993818E003A069D /* Build configuration list for PBXNativeTarget "zaime" */;
			buildPhases = (
				E192D9C0A46D4B9DBA9631C6 /* Check Pods Manifest.lock */,
				930D65AF1993818E003A069D /* Sources */,
				930D65B01993818E003A069D /* Frameworks */,
				930D65B11993818E003A069D /* Resources */,
				29A64AA78FE5407B8B23AE57 /* Copy Pods Resources */,
			);
			buildRules = (
			);
			dependencies = (
			);
			name = zaime;
			productName = zaime;
			productReference = 930D65B31993818E003A069D /* zaime.app */;
			productType = "com.apple.product-type.application";
		};
		930D65D61993818E003A069D /* zaimeTests */ = {
			isa = PBXNativeTarget;
			buildConfigurationList = 930D65EB1993818E003A069D /* Build configuration list for PBXNativeTarget "zaimeTests" */;
			buildPhases = (
				930D65D31993818E003A069D /* Sources */,
				930D65D41993818E003A069D /* Frameworks */,
				930D65D51993818E003A069D /* Resources */,
			);
			buildRules = (
			);
			dependencies = (
				930D65DD1993818E003A069D /* PBXTargetDependency */,
			);
			name = zaimeTests;
			productName = zaimeTests;
			productReference = 930D65D71993818E003A069D /* zaimeTests.xctest */;
			productType = "com.apple.product-type.bundle.unit-test";
		};
/* End PBXNativeTarget section */

/* Begin PBXProject section */
		930D65AB1993818E003A069D /* Project object */ = {
			isa = PBXProject;
			attributes = {
				LastUpgradeCheck = 0500;
				ORGANIZATIONNAME = kld;
				TargetAttributes = {
					930D65B21993818E003A069D = {
						DevelopmentTeam = B4BR4E2M87;
						SystemCapabilities = {
							com.apple.BackgroundModes = {
								enabled = 1;
							};
						};
					};
					930D65D61993818E003A069D = {
						TestTargetID = 930D65B21993818E003A069D;
					};
				};
			};
			buildConfigurationList = 930D65AE1993818E003A069D /* Build configuration list for PBXProject "zaime" */;
			compatibilityVersion = "Xcode 3.2";
			developmentRegion = English;
			hasScannedForEncodings = 0;
			knownRegions = (
				en,
				Base,
			);
			mainGroup = 930D65AA1993818E003A069D;
			productRefGroup = 930D65B41993818E003A069D /* Products */;
			projectDirPath = "";
			projectRoot = "";
			targets = (
				930D65B21993818E003A069D /* zaime */,
				930D65D61993818E003A069D /* zaimeTests */,
			);
		};
/* End PBXProject section */

/* Begin PBXResourcesBuildPhase section */
		930D65B11993818E003A069D /* Resources */ = {
			isa = PBXResourcesBuildPhase;
			buildActionMask = 2147483647;
			files = (
				93229FFF199B544E00C75A77 /* photo4.jpg in Resources */,
				93229FFE199B544E00C75A77 /* photo3.jpg in Resources */,
				930D65CD1993818E003A069D /* Main_iPad.storyboard in Resources */,
				9370CFB419986B7B007B5B8D /* fingerprint.png in Resources */,
				9322A000199B544E00C75A77 /* photo5.jpg in Resources */,
				930D65D21993818E003A069D /* Images.xcassets in Resources */,
				930D65CA1993818E003A069D /* Main_iPhone.storyboard in Resources */,
				93229FFC199B544E00C75A77 /* photo1.jpg in Resources */,
				9341AB14199A085F0055076D /* loading.gif in Resources */,
				93331B9619988CFC008AD730 /* PushConfig.plist in Resources */,
				93229FFD199B544E00C75A77 /* photo2.jpg in Resources */,
				930D65C11993818E003A069D /* InfoPlist.strings in Resources */,
			);
			runOnlyForDeploymentPostprocessing = 0;
		};
		930D65D51993818E003A069D /* Resources */ = {
			isa = PBXResourcesBuildPhase;
			buildActionMask = 2147483647;
			files = (
				930D65E31993818E003A069D /* InfoPlist.strings in Resources */,
			);
			runOnlyForDeploymentPostprocessing = 0;
		};
/* End PBXResourcesBuildPhase section */

/* Begin PBXShellScriptBuildPhase section */
		29A64AA78FE5407B8B23AE57 /* Copy Pods Resources */ = {
			isa = PBXShellScriptBuildPhase;
			buildActionMask = 2147483647;
			files = (
			);
			inputPaths = (
			);
			name = "Copy Pods Resources";
			outputPaths = (
			);
			runOnlyForDeploymentPostprocessing = 0;
			shellPath = /bin/sh;
			shellScript = "\"${SRCROOT}/Pods/Pods-resources.sh\"\n";
			showEnvVarsInLog = 0;
		};
		E192D9C0A46D4B9DBA9631C6 /* Check Pods Manifest.lock */ = {
			isa = PBXShellScriptBuildPhase;
			buildActionMask = 2147483647;
			files = (
			);
			inputPaths = (
			);
			name = "Check Pods Manifest.lock";
			outputPaths = (
			);
			runOnlyForDeploymentPostprocessing = 0;
			shellPath = /bin/sh;
			shellScript = "diff \"${PODS_ROOT}/../Podfile.lock\" \"${PODS_ROOT}/Manifest.lock\" > /dev/null\nif [[ $? != 0 ]] ; then\n    cat << EOM\nerror: The sandbox is not in sync with the Podfile.lock. Run 'pod install' or update your CocoaPods installation.\nEOM\n    exit 1\nfi\n";
			showEnvVarsInLog = 0;
		};
/* End PBXShellScriptBuildPhase section */

/* Begin PBXSourcesBuildPhase section */
		930D65AF1993818E003A069D /* Sources */ = {
			isa = PBXSourcesBuildPhase;
			buildActionMask = 2147483647;
			files = (
				930D65D01993818E003A069D /* ViewController.m in Sources */,
				93FB5C6E1998C5C800B90FB6 /* KLDAddress.m in Sources */,
				93229FF2199B119800C75A77 /* DownloadEmotion.m in Sources */,
				93FB5C6C1998C5C800B90FB6 /* APContact.m in Sources */,
				932BBDB71994687A00C46EB5 /* BaseMesage.m in Sources */,
				930D65C71993818E003A069D /* AppDelegate.m in Sources */,
				9334FB05199C610100A4BC4C /* Common.m in Sources */,
				93C7F50019A355FF002DE9CC /* KSDCanvas.m in Sources */,
				93229FF5199B508E00C75A77 /* PhotoStackView.m in Sources */,
				9334FB08199C882800A4BC4C /* KeyChainHelper.m in Sources */,
				93FB5C6D1998C5C800B90FB6 /* APPhoneWithLabel.m in Sources */,
				93FB5C561998C1FC00B90FB6 /* NotificationCompent.m in Sources */,
				930D65C31993818E003A069D /* main.m in Sources */,
				93BBF2651998B6D5005BD823 /* AFAppDotNetAPIClient.m in Sources */,
				9341AB17199A17A90055076D /* KLDAFImageCache.m in Sources */,
				9334FB02199C5BF700A4BC4C /* KLDDatabase.m in Sources */,
				93FB5C6B1998C5C800B90FB6 /* APAddressBook.m in Sources */,
				93FB5C601998C58200B90FB6 /* pinyin.c in Sources */,
				93FB5C591998C26100B90FB6 /* ContactListController.m in Sources */,
				932BBDB21994670700C46EB5 /* XMPPClient.m in Sources */,
			);
			runOnlyForDeploymentPostprocessing = 0;
		};
		930D65D31993818E003A069D /* Sources */ = {
			isa = PBXSourcesBuildPhase;
			buildActionMask = 2147483647;
			files = (
				930D65E51993818E003A069D /* zaimeTests.m in Sources */,
			);
			runOnlyForDeploymentPostprocessing = 0;
		};
/* End PBXSourcesBuildPhase section */

/* Begin PBXTargetDependency section */
		930D65DD1993818E003A069D /* PBXTargetDependency */ = {
			isa = PBXTargetDependency;
			target = 930D65B21993818E003A069D /* zaime */;
			targetProxy = 930D65DC1993818E003A069D /* PBXContainerItemProxy */;
		};
/* End PBXTargetDependency section */

/* Begin PBXVariantGroup section */
		930D65BF1993818E003A069D /* InfoPlist.strings */ = {
			isa = PBXVariantGroup;
			children = (
				930D65C01993818E003A069D /* en */,
			);
			name = InfoPlist.strings;
			sourceTree = "<group>";
		};
		930D65C81993818E003A069D /* Main_iPhone.storyboard */ = {
			isa = PBXVariantGroup;
			children = (
				930D65C91993818E003A069D /* Base */,
			);
			name = Main_iPhone.storyboard;
			sourceTree = "<group>";
		};
		930D65CB1993818E003A069D /* Main_iPad.storyboard */ = {
			isa = PBXVariantGroup;
			children = (
				930D65CC1993818E003A069D /* Base */,
			);
			name = Main_iPad.storyboard;
			sourceTree = "<group>";
		};
		930D65E11993818E003A069D /* InfoPlist.strings */ = {
			isa = PBXVariantGroup;
			children = (
				930D65E21993818E003A069D /* en */,
			);
			name = InfoPlist.strings;
			sourceTree = "<group>";
		};
/* End PBXVariantGroup section */

/* Begin XCBuildConfiguration section */
		930D65E61993818E003A069D /* Debug */ = {
			isa = XCBuildConfiguration;
			buildSettings = {
				ALWAYS_SEARCH_USER_PATHS = NO;
				ARCHS = "$(ARCHS_STANDARD_INCLUDING_64_BIT)";
				CLANG_CXX_LANGUAGE_STANDARD = "gnu++0x";
				CLANG_CXX_LIBRARY = "libc++";
				CLANG_ENABLE_MODULES = YES;
				CLANG_ENABLE_OBJC_ARC = YES;
				CLANG_WARN_BOOL_CONVERSION = YES;
				CLANG_WARN_CONSTANT_CONVERSION = YES;
				CLANG_WARN_DIRECT_OBJC_ISA_USAGE = YES_ERROR;
				CLANG_WARN_EMPTY_BODY = YES;
				CLANG_WARN_ENUM_CONVERSION = YES;
				CLANG_WARN_INT_CONVERSION = YES;
				CLANG_WARN_OBJC_ROOT_CLASS = YES_ERROR;
				CLANG_WARN__DUPLICATE_METHOD_MATCH = YES;
				CODE_SIGN_IDENTITY = "Apple Development IOS Push Services: kld.zaime";
				"CODE_SIGN_IDENTITY[sdk=iphoneos*]" = "iPhone Developer";
				COPY_PHASE_STRIP = NO;
				GCC_C_LANGUAGE_STANDARD = gnu99;
				GCC_DYNAMIC_NO_PIC = NO;
				GCC_OPTIMIZATION_LEVEL = 0;
				GCC_PREPROCESSOR_DEFINITIONS = (
					"DEBUG=1",
					"$(inherited)",
				);
				GCC_SYMBOLS_PRIVATE_EXTERN = NO;
				GCC_WARN_64_TO_32_BIT_CONVERSION = YES;
				GCC_WARN_ABOUT_RETURN_TYPE = YES_ERROR;
				GCC_WARN_UNDECLARED_SELECTOR = YES;
				GCC_WARN_UNINITIALIZED_AUTOS = YES;
				GCC_WARN_UNUSED_FUNCTION = YES;
				GCC_WARN_UNUSED_VARIABLE = YES;
				IPHONEOS_DEPLOYMENT_TARGET = 7.0;
				ONLY_ACTIVE_ARCH = YES;
				SDKROOT = iphoneos;
				TARGETED_DEVICE_FAMILY = "1,2";
			};
			name = Debug;
		};
		930D65E71993818E003A069D /* Release */ = {
			isa = XCBuildConfiguration;
			buildSettings = {
				ALWAYS_SEARCH_USER_PATHS = NO;
				ARCHS = "$(ARCHS_STANDARD_INCLUDING_64_BIT)";
				CLANG_CXX_LANGUAGE_STANDARD = "gnu++0x";
				CLANG_CXX_LIBRARY = "libc++";
				CLANG_ENABLE_MODULES = YES;
				CLANG_ENABLE_OBJC_ARC = YES;
				CLANG_WARN_BOOL_CONVERSION = YES;
				CLANG_WARN_CONSTANT_CONVERSION = YES;
				CLANG_WARN_DIRECT_OBJC_ISA_USAGE = YES_ERROR;
				CLANG_WARN_EMPTY_BODY = YES;
				CLANG_WARN_ENUM_CONVERSION = YES;
				CLANG_WARN_INT_CONVERSION = YES;
				CLANG_WARN_OBJC_ROOT_CLASS = YES_ERROR;
				CLANG_WARN__DUPLICATE_METHOD_MATCH = YES;
				CODE_SIGN_IDENTITY = "Apple Development IOS Push Services: kld.zaime";
				"CODE_SIGN_IDENTITY[sdk=iphoneos*]" = "iPhone Developer";
				COPY_PHASE_STRIP = YES;
				ENABLE_NS_ASSERTIONS = NO;
				GCC_C_LANGUAGE_STANDARD = gnu99;
				GCC_WARN_64_TO_32_BIT_CONVERSION = YES;
				GCC_WARN_ABOUT_RETURN_TYPE = YES_ERROR;
				GCC_WARN_UNDECLARED_SELECTOR = YES;
				GCC_WARN_UNINITIALIZED_AUTOS = YES;
				GCC_WARN_UNUSED_FUNCTION = YES;
				GCC_WARN_UNUSED_VARIABLE = YES;
				IPHONEOS_DEPLOYMENT_TARGET = 7.0;
				SDKROOT = iphoneos;
				TARGETED_DEVICE_FAMILY = "1,2";
				VALIDATE_PRODUCT = YES;
			};
			name = Release;
		};
		930D65E91993818E003A069D /* Debug */ = {
			isa = XCBuildConfiguration;
			baseConfigurationReference = 195BBE57FE6648DD8D93F09C /* Pods.xcconfig */;
			buildSettings = {
				ASSETCATALOG_COMPILER_APPICON_NAME = AppIcon;
				ASSETCATALOG_COMPILER_LAUNCHIMAGE_NAME = LaunchImage;
				CODE_SIGN_IDENTITY = "iPhone Developer";
				"CODE_SIGN_IDENTITY[sdk=iphoneos*]" = "iPhone Developer";
				GCC_PRECOMPILE_PREFIX_HEADER = YES;
				GCC_PREFIX_HEADER = "zaime/zaime-Prefix.pch";
				INFOPLIST_FILE = "zaime/zaime-Info.plist";
				IPHONEOS_DEPLOYMENT_TARGET = 7.0;
				LIBRARY_SEARCH_PATHS = (
					"\"$(SRCROOT)/../../Vendor/libidn\"",
					"$(inherited)",
					"$(PROJECT_DIR)/zaime/lib",
				);
				PRODUCT_NAME = "$(TARGET_NAME)";
				PROVISIONING_PROFILE = "9057D20B-077C-409B-9FF2-C461997878C8";
				TARGETED_DEVICE_FAMILY = "1,2";
				WRAPPER_EXTENSION = app;
			};
			name = Debug;
		};
		930D65EA1993818E003A069D /* Release */ = {
			isa = XCBuildConfiguration;
			baseConfigurationReference = 195BBE57FE6648DD8D93F09C /* Pods.xcconfig */;
			buildSettings = {
				ASSETCATALOG_COMPILER_APPICON_NAME = AppIcon;
				ASSETCATALOG_COMPILER_LAUNCHIMAGE_NAME = LaunchImage;
				CODE_SIGN_IDENTITY = "iPhone Developer";
				"CODE_SIGN_IDENTITY[sdk=iphoneos*]" = "iPhone Developer";
				GCC_PRECOMPILE_PREFIX_HEADER = YES;
				GCC_PREFIX_HEADER = "zaime/zaime-Prefix.pch";
				INFOPLIST_FILE = "zaime/zaime-Info.plist";
				IPHONEOS_DEPLOYMENT_TARGET = 7.0;
				LIBRARY_SEARCH_PATHS = (
					"\"$(SRCROOT)/../../Vendor/libidn\"",
					"$(inherited)",
					"$(PROJECT_DIR)/zaime/lib",
				);
				PRODUCT_NAME = "$(TARGET_NAME)";
				PROVISIONING_PROFILE = "9057D20B-077C-409B-9FF2-C461997878C8";
				TARGETED_DEVICE_FAMILY = "1,2";
				WRAPPER_EXTENSION = app;
			};
			name = Release;
		};
		930D65EC1993818E003A069D /* Debug */ = {
			isa = XCBuildConfiguration;
			buildSettings = {
				ARCHS = "$(ARCHS_STANDARD_INCLUDING_64_BIT)";
				BUNDLE_LOADER = "$(BUILT_PRODUCTS_DIR)/zaime.app/zaime";
				FRAMEWORK_SEARCH_PATHS = (
					"$(SDKROOT)/Developer/Library/Frameworks",
					"$(inherited)",
					"$(DEVELOPER_FRAMEWORKS_DIR)",
				);
				GCC_PRECOMPILE_PREFIX_HEADER = YES;
				GCC_PREFIX_HEADER = "zaime/zaime-Prefix.pch";
				GCC_PREPROCESSOR_DEFINITIONS = (
					"DEBUG=1",
					"$(inherited)",
				);
				INFOPLIST_FILE = "zaimeTests/zaimeTests-Info.plist";
				PRODUCT_NAME = "$(TARGET_NAME)";
				TEST_HOST = "$(BUNDLE_LOADER)";
				WRAPPER_EXTENSION = xctest;
			};
			name = Debug;
		};
		930D65ED1993818E003A069D /* Release */ = {
			isa = XCBuildConfiguration;
			buildSettings = {
				ARCHS = "$(ARCHS_STANDARD_INCLUDING_64_BIT)";
				BUNDLE_LOADER = "$(BUILT_PRODUCTS_DIR)/zaime.app/zaime";
				FRAMEWORK_SEARCH_PATHS = (
					"$(SDKROOT)/Developer/Library/Frameworks",
					"$(inherited)",
					"$(DEVELOPER_FRAMEWORKS_DIR)",
				);
				GCC_PRECOMPILE_PREFIX_HEADER = YES;
				GCC_PREFIX_HEADER = "zaime/zaime-Prefix.pch";
				INFOPLIST_FILE = "zaimeTests/zaimeTests-Info.plist";
				PRODUCT_NAME = "$(TARGET_NAME)";
				TEST_HOST = "$(BUNDLE_LOADER)";
				WRAPPER_EXTENSION = xctest;
			};
			name = Release;
		};
/* End XCBuildConfiguration section */

/* Begin XCConfigurationList section */
		930D65AE1993818E003A069D /* Build configuration list for PBXProject "zaime" */ = {
			isa = XCConfigurationList;
			buildConfigurations = (
				930D65E61993818E003A069D /* Debug */,
				930D65E71993818E003A069D /* Release */,
			);
			defaultConfigurationIsVisible = 0;
			defaultConfigurationName = Release;
		};
		930D65E81993818E003A069D /* Build configuration list for PBXNativeTarget "zaime" */ = {
			isa = XCConfigurationList;
			buildConfigurations = (
				930D65E91993818E003A069D /* Debug */,
				930D65EA1993818E003A069D /* Release */,
			);
			defaultConfigurationIsVisible = 0;
			defaultConfigurationName = Release;
		};
		930D65EB1993818E003A069D /* Build configuration list for PBXNativeTarget "zaimeTests" */ = {
			isa = XCConfigurationList;
			buildConfigurations = (
				930D65EC1993818E003A069D /* Debug */,
				930D65ED1993818E003A069D /* Release */,
			);
			defaultConfigurationIsVisible = 0;
			defaultConfigurationName = Release;
		};
/* End XCConfigurationList section */
	};
	rootObject = 930D65AB1993818E003A069D /* Project object */;
}
